
Microsoft Visual Studio Solution File, Format Version 12.00
# Visual Studio 2012
Project("{FAE04EC0-301F-11D3-BF4B-00C04F79EFBC}") = "Syncfusion.Themes.MaterialLight.WPF_2012", "Syncfusion.Themes.MaterialLight.WPF_2012.csproj", "{ed32f7ab-4726-437e-a15d-e34cfe653eba}"
EndProject
Global
	GlobalSection(SolutionConfigurationPlatforms) = preSolution
		Debug|Any CPU = Debug|Any CPU
		Debug-Xml|Any CPU = Debug-Xml|Any CPU
		Release|Any CPU = Release|Any CPU
		Release-Xml|Any CPU = Release-Xml|Any CPU
	EndGlobalSection
	GlobalSection(ProjectConfigurationPlatforms) = postSolution
		{ed32f7ab-4726-437e-a15d-e34cfe653eba}.Debug|Any CPU.ActiveCfg = Debug|Any CPU
		{ed32f7ab-4726-437e-a15d-e34cfe653eba}.Debug|Any CPU.Build.0 = Debug|Any CPU
		{ed32f7ab-4726-437e-a15d-e34cfe653eba}.Debug-Xml|Any CPU.ActiveCfg = Debug-Xml|Any CPU
		{ed32f7ab-4726-437e-a15d-e34cfe653eba}.Debug-Xml|Any CPU.Build.0 = Debug-Xml|Any CPU
		{ed32f7ab-4726-437e-a15d-e34cfe653eba}.Release|Any CPU.ActiveCfg = Release|Any CPU
		{ed32f7ab-4726-437e-a15d-e34cfe653eba}.Release|Any CPU.Build.0 = Release|Any CPU
		{ed32f7ab-4726-437e-a15d-e34cfe653eba}.Release-Xml|Any CPU.ActiveCfg = Release-Xml|Any CPU
		{ed32f7ab-4726-437e-a15d-e34cfe653eba}.Release-Xml|Any CPU.Build.0 = Release-Xml|Any CPU
	EndGlobalSection
	GlobalSection(SolutionProperties) = preSolution
		HideSolutionNode = FALSE
	EndGlobalSection
EndGlobal
