
Microsoft Visual Studio Solution File, Format Version 11.00
# Visual Studio 2010
Project("{FAE04EC0-301F-11D3-BF4B-00C04F79EFBC}") = "Syncfusion.Themes.MaterialDark.WPF_2010", "Syncfusion.Themes.MaterialDark.WPF_2010.csproj", "{d360a566-3a5c-492c-91bd-1b8546177c43}"
EndProject
Global
	GlobalSection(SolutionConfigurationPlatforms) = preSolution
		Debug|Any CPU = Debug|Any CPU
		Debug-Xml|Any CPU = Debug-Xml|Any CPU
		Release|Any CPU = Release|Any CPU
		Release-Xml|Any CPU = Release-Xml|Any CPU
	EndGlobalSection
	GlobalSection(ProjectConfigurationPlatforms) = postSolution
		{d360a566-3a5c-492c-91bd-1b8546177c43}.Debug|Any CPU.ActiveCfg = Debug|Any CPU
		{d360a566-3a5c-492c-91bd-1b8546177c43}.Debug|Any CPU.Build.0 = Debug|Any CPU
		{d360a566-3a5c-492c-91bd-1b8546177c43}.Debug-Xml|Any CPU.ActiveCfg = Debug-Xml|Any CPU
		{d360a566-3a5c-492c-91bd-1b8546177c43}.Debug-Xml|Any CPU.Build.0 = Debug-Xml|Any CPU
		{d360a566-3a5c-492c-91bd-1b8546177c43}.Release|Any CPU.ActiveCfg = Release|Any CPU
		{d360a566-3a5c-492c-91bd-1b8546177c43}.Release|Any CPU.Build.0 = Release|Any CPU
		{d360a566-3a5c-492c-91bd-1b8546177c43}.Release-Xml|Any CPU.ActiveCfg = Release-Xml|Any CPU
		{d360a566-3a5c-492c-91bd-1b8546177c43}.Release-Xml|Any CPU.Build.0 = Release-Xml|Any CPU
	EndGlobalSection
	GlobalSection(SolutionProperties) = preSolution
		HideSolutionNode = FALSE
	EndGlobalSection
EndGlobal
